<?xml version="1.0" encoding="UTF-8" standalone="yes" ?>
<CodeBlocks_project_file>
	<FileVersion major="1" minor="6" />
	<Project>
		<Option title="mnthread" />
		<Option makefile_is_custom="1" />
		<Option pch_mode="2" />
		<Option compiler="gcc" />
		<MakeCommands>
			<Build command="/usr/bin/pio -f -c codeblocks run" />
			<CompileFile command="/usr/bin/pio -f -c codeblocks run" />
			<Clean command="/usr/bin/pio -f -c codeblocks run -t clean" />
			<DistClean command="/usr/bin/pio -f -c codeblocks run -t clean" />
			<AskRebuildNeeded command="1" />
			<SilentBuild command="/usr/bin/pio -f -c codeblocks run &gt; $(CMD_NULL)" />
		</MakeCommands>
		<Build>
			<Target title="Debug">
				<Option type="4" />
				<Option compiler="gcc" />
				<Option parameters="-f -c codeblocks run -t upload" />
				<Option host_application="/usr/bin/pio" />
				<Option run_host_application_in_terminal="1" />
				<Compiler>
					<Add directory="include/net/" />
					<Add directory="include/net" />
				</Compiler>
				<MakeCommands>
					<Build command="/usr/bin/pio -f -c codeblocks run" />
					<CompileFile command="/usr/bin/pio -f -c codeblocks run" />
					<Clean command="/usr/bin/pio -f -c codeblocks run -t clean" />
					<DistClean command="/usr/bin/pio -f -c codeblocks run -t clean" />
					<AskRebuildNeeded command="1" />
					<SilentBuild command="/usr/bin/pio -f -c codeblocks run &gt; $(CMD_NULL)" />
				</MakeCommands>
			</Target>
			<Target title="Release">
				<Option type="4" />
				<Option compiler="gcc" />
				<Option parameters="-f -c codeblocks run -t upload" />
				<Option host_application="/usr/bin/pio" />
				<Option run_host_application_in_terminal="1" />
				<Compiler>
					<Add directory="include/net/" />
					<Add directory="include/net" />
				</Compiler>
				<MakeCommands>
					<Build command="/usr/bin/pio -f -c codeblocks run" />
					<CompileFile command="/usr/bin/pio -f -c codeblocks run" />
					<Clean command="/usr/bin/pio -f -c codeblocks run -t clean" />
					<DistClean command="/usr/bin/pio -f -c codeblocks run -t clean" />
					<AskRebuildNeeded command="1" />
					<SilentBuild command="/usr/bin/pio -f -c codeblocks run &gt; $(CMD_NULL)" />
				</MakeCommands>
			</Target>
		</Build>
		<Compiler>
			<Add option="-DPLATFORMIO=50101" />
			<Add option="-DARDUINO_ESP32_DEV" />
			<Add option="-DESP32" />
			<Add option="-DESP_PLATFORM" />
			<Add option="-DF_CPU=240000000L" />
			<Add option="-DHAVE_CONFIG_H" />
			<Add option='-DMBEDTLS_CONFIG_FILE=&quot;mbedtls/esp_config.h&quot;' />
			<Add option="-DARDUINO=10805" />
			<Add option="-DARDUINO_ARCH_ESP32" />
			<Add option='-DARDUINO_VARIANT=&quot;doitESP32devkitV1&quot;' />
			<Add option='-DARDUINO_BOARD=&quot;DOIT ESP32 DEVKIT V1&quot;' />
			<Add directory="/home/ambersophia/Dokumente/git/mnthread/include" />
			<Add directory="/home/ambersophia/Dokumente/git/mnthread/src" />
			<Add directory="/home/ambersophia/.platformio/packages/framework-arduinoespressif32/tools/sdk/include/config" />
			<Add directory="/home/ambersophia/.platformio/packages/framework-arduinoespressif32/tools/sdk/include/app_trace" />
			<Add directory="/home/ambersophia/.platformio/packages/framework-arduinoespressif32/tools/sdk/include/app_update" />
			<Add directory="/home/ambersophia/.platformio/packages/framework-arduinoespressif32/tools/sdk/include/asio" />
			<Add directory="/home/ambersophia/.platformio/packages/framework-arduinoespressif32/tools/sdk/include/bootloader_support" />
			<Add directory="/home/ambersophia/.platformio/packages/framework-arduinoespressif32/tools/sdk/include/bt" />
			<Add directory="/home/ambersophia/.platformio/packages/framework-arduinoespressif32/tools/sdk/include/coap" />
			<Add directory="/home/ambersophia/.platformio/packages/framework-arduinoespressif32/tools/sdk/include/console" />
			<Add directory="/home/ambersophia/.platformio/packages/framework-arduinoespressif32/tools/sdk/include/driver" />
			<Add directory="/home/ambersophia/.platformio/packages/framework-arduinoespressif32/tools/sdk/include/efuse" />
			<Add directory="/home/ambersophia/.platformio/packages/framework-arduinoespressif32/tools/sdk/include/esp-tls" />
			<Add directory="/home/ambersophia/.platformio/packages/framework-arduinoespressif32/tools/sdk/include/esp32" />
			<Add directory="/home/ambersophia/.platformio/packages/framework-arduinoespressif32/tools/sdk/include/esp_adc_cal" />
			<Add directory="/home/ambersophia/.platformio/packages/framework-arduinoespressif32/tools/sdk/include/esp_event" />
			<Add directory="/home/ambersophia/.platformio/packages/framework-arduinoespressif32/tools/sdk/include/esp_http_client" />
			<Add directory="/home/ambersophia/.platformio/packages/framework-arduinoespressif32/tools/sdk/include/esp_http_server" />
			<Add directory="/home/ambersophia/.platformio/packages/framework-arduinoespressif32/tools/sdk/include/esp_https_ota" />
			<Add directory="/home/ambersophia/.platformio/packages/framework-arduinoespressif32/tools/sdk/include/esp_https_server" />
			<Add directory="/home/ambersophia/.platformio/packages/framework-arduinoespressif32/tools/sdk/include/esp_ringbuf" />
			<Add directory="/home/ambersophia/.platformio/packages/framework-arduinoespressif32/tools/sdk/include/esp_websocket_client" />
			<Add directory="/home/ambersophia/.platformio/packages/framework-arduinoespressif32/tools/sdk/include/espcoredump" />
			<Add directory="/home/ambersophia/.platformio/packages/framework-arduinoespressif32/tools/sdk/include/ethernet" />
			<Add directory="/home/ambersophia/.platformio/packages/framework-arduinoespressif32/tools/sdk/include/expat" />
			<Add directory="/home/ambersophia/.platformio/packages/framework-arduinoespressif32/tools/sdk/include/fatfs" />
			<Add directory="/home/ambersophia/.platformio/packages/framework-arduinoespressif32/tools/sdk/include/freemodbus" />
			<Add directory="/home/ambersophia/.platformio/packages/framework-arduinoespressif32/tools/sdk/include/freertos" />
			<Add directory="/home/ambersophia/.platformio/packages/framework-arduinoespressif32/tools/sdk/include/heap" />
			<Add directory="/home/ambersophia/.platformio/packages/framework-arduinoespressif32/tools/sdk/include/idf_test" />
			<Add directory="/home/ambersophia/.platformio/packages/framework-arduinoespressif32/tools/sdk/include/jsmn" />
			<Add directory="/home/ambersophia/.platformio/packages/framework-arduinoespressif32/tools/sdk/include/json" />
			<Add directory="/home/ambersophia/.platformio/packages/framework-arduinoespressif32/tools/sdk/include/libsodium" />
			<Add directory="/home/ambersophia/.platformio/packages/framework-arduinoespressif32/tools/sdk/include/log" />
			<Add directory="/home/ambersophia/.platformio/packages/framework-arduinoespressif32/tools/sdk/include/lwip" />
			<Add directory="/home/ambersophia/.platformio/packages/framework-arduinoespressif32/tools/sdk/include/mbedtls" />
			<Add directory="/home/ambersophia/.platformio/packages/framework-arduinoespressif32/tools/sdk/include/mdns" />
			<Add directory="/home/ambersophia/.platformio/packages/framework-arduinoespressif32/tools/sdk/include/micro-ecc" />
			<Add directory="/home/ambersophia/.platformio/packages/framework-arduinoespressif32/tools/sdk/include/mqtt" />
			<Add directory="/home/ambersophia/.platformio/packages/framework-arduinoespressif32/tools/sdk/include/newlib" />
			<Add directory="/home/ambersophia/.platformio/packages/framework-arduinoespressif32/tools/sdk/include/nghttp" />
			<Add directory="/home/ambersophia/.platformio/packages/framework-arduinoespressif32/tools/sdk/include/nvs_flash" />
			<Add directory="/home/ambersophia/.platformio/packages/framework-arduinoespressif32/tools/sdk/include/openssl" />
			<Add directory="/home/ambersophia/.platformio/packages/framework-arduinoespressif32/tools/sdk/include/protobuf-c" />
			<Add directory="/home/ambersophia/.platformio/packages/framework-arduinoespressif32/tools/sdk/include/protocomm" />
			<Add directory="/home/ambersophia/.platformio/packages/framework-arduinoespressif32/tools/sdk/include/pthread" />
			<Add directory="/home/ambersophia/.platformio/packages/framework-arduinoespressif32/tools/sdk/include/sdmmc" />
			<Add directory="/home/ambersophia/.platformio/packages/framework-arduinoespressif32/tools/sdk/include/smartconfig_ack" />
			<Add directory="/home/ambersophia/.platformio/packages/framework-arduinoespressif32/tools/sdk/include/soc" />
			<Add directory="/home/ambersophia/.platformio/packages/framework-arduinoespressif32/tools/sdk/include/spi_flash" />
			<Add directory="/home/ambersophia/.platformio/packages/framework-arduinoespressif32/tools/sdk/include/spiffs" />
			<Add directory="/home/ambersophia/.platformio/packages/framework-arduinoespressif32/tools/sdk/include/tcp_transport" />
			<Add directory="/home/ambersophia/.platformio/packages/framework-arduinoespressif32/tools/sdk/include/tcpip_adapter" />
			<Add directory="/home/ambersophia/.platformio/packages/framework-arduinoespressif32/tools/sdk/include/ulp" />
			<Add directory="/home/ambersophia/.platformio/packages/framework-arduinoespressif32/tools/sdk/include/unity" />
			<Add directory="/home/ambersophia/.platformio/packages/framework-arduinoespressif32/tools/sdk/include/vfs" />
			<Add directory="/home/ambersophia/.platformio/packages/framework-arduinoespressif32/tools/sdk/include/wear_levelling" />
			<Add directory="/home/ambersophia/.platformio/packages/framework-arduinoespressif32/tools/sdk/include/wifi_provisioning" />
			<Add directory="/home/ambersophia/.platformio/packages/framework-arduinoespressif32/tools/sdk/include/wpa_supplicant" />
			<Add directory="/home/ambersophia/.platformio/packages/framework-arduinoespressif32/tools/sdk/include/xtensa-debug-module" />
			<Add directory="/home/ambersophia/.platformio/packages/framework-arduinoespressif32/tools/sdk/include/esp-face" />
			<Add directory="/home/ambersophia/.platformio/packages/framework-arduinoespressif32/tools/sdk/include/esp32-camera" />
			<Add directory="/home/ambersophia/.platformio/packages/framework-arduinoespressif32/tools/sdk/include/fb_gfx" />
			<Add directory="/home/ambersophia/.platformio/packages/framework-arduinoespressif32/cores/esp32" />
			<Add directory="/home/ambersophia/.platformio/packages/framework-arduinoespressif32/variants/doitESP32devkitV1" />
			<Add directory="/home/ambersophia/.platformio/lib/Servo/src" />
			<Add directory="/home/ambersophia/.platformio/packages/framework-arduinoespressif32/libraries/ArduinoOTA/src" />
			<Add directory="/home/ambersophia/.platformio/packages/framework-arduinoespressif32/libraries/AsyncUDP/src" />
			<Add directory="/home/ambersophia/.platformio/packages/framework-arduinoespressif32/libraries/AzureIoT/src" />
			<Add directory="/home/ambersophia/.platformio/packages/framework-arduinoespressif32/libraries/BLE/src" />
			<Add directory="/home/ambersophia/.platformio/packages/framework-arduinoespressif32/libraries/BluetoothSerial/src" />
			<Add directory="/home/ambersophia/.platformio/packages/framework-arduinoespressif32/libraries/DNSServer/src" />
			<Add directory="/home/ambersophia/.platformio/packages/framework-arduinoespressif32/libraries/EEPROM/src" />
			<Add directory="/home/ambersophia/.platformio/packages/framework-arduinoespressif32/libraries/ESP32/src" />
			<Add directory="/home/ambersophia/.platformio/packages/framework-arduinoespressif32/libraries/ESPmDNS/src" />
			<Add directory="/home/ambersophia/.platformio/packages/framework-arduinoespressif32/libraries/FFat/src" />
			<Add directory="/home/ambersophia/.platformio/packages/framework-arduinoespressif32/libraries/FS/src" />
			<Add directory="/home/ambersophia/.platformio/packages/framework-arduinoespressif32/libraries/HTTPClient/src" />
			<Add directory="/home/ambersophia/.platformio/packages/framework-arduinoespressif32/libraries/HTTPUpdate/src" />
			<Add directory="/home/ambersophia/.platformio/packages/framework-arduinoespressif32/libraries/HTTPUpdateServer/src" />
			<Add directory="/home/ambersophia/.platformio/packages/framework-arduinoespressif32/libraries/NetBIOS/src" />
			<Add directory="/home/ambersophia/.platformio/packages/framework-arduinoespressif32/libraries/Preferences/src" />
			<Add directory="/home/ambersophia/.platformio/packages/framework-arduinoespressif32/libraries/SD/src" />
			<Add directory="/home/ambersophia/.platformio/packages/framework-arduinoespressif32/libraries/SD_MMC/src" />
			<Add directory="/home/ambersophia/.platformio/packages/framework-arduinoespressif32/libraries/SPI/src" />
			<Add directory="/home/ambersophia/.platformio/packages/framework-arduinoespressif32/libraries/SPIFFS/src" />
			<Add directory="/home/ambersophia/.platformio/packages/framework-arduinoespressif32/libraries/SimpleBLE/src" />
			<Add directory="/home/ambersophia/.platformio/packages/framework-arduinoespressif32/libraries/Ticker/src" />
			<Add directory="/home/ambersophia/.platformio/packages/framework-arduinoespressif32/libraries/Update/src" />
			<Add directory="/home/ambersophia/.platformio/packages/framework-arduinoespressif32/libraries/WebServer/src" />
			<Add directory="/home/ambersophia/.platformio/packages/framework-arduinoespressif32/libraries/WiFi/src" />
			<Add directory="/home/ambersophia/.platformio/packages/framework-arduinoespressif32/libraries/WiFiClientSecure/src" />
			<Add directory="/home/ambersophia/.platformio/packages/framework-arduinoespressif32/libraries/WiFiProv/src" />
			<Add directory="/home/ambersophia/.platformio/packages/framework-arduinoespressif32/libraries/Wire/src" />
			<Add directory="/home/ambersophia/.platformio/packages/toolchain-xtensa32@2.50200.97/xtensa-esp32-elf/include/c++/5.2.0" />
			<Add directory="/home/ambersophia/.platformio/packages/toolchain-xtensa32@2.50200.97/xtensa-esp32-elf/include/c++/5.2.0/xtensa-esp32-elf" />
			<Add directory="/home/ambersophia/.platformio/packages/toolchain-xtensa32@2.50200.97/lib/gcc/xtensa-esp32-elf/5.2.0/include-fixed" />
			<Add directory="/home/ambersophia/.platformio/packages/toolchain-xtensa32@2.50200.97/lib/gcc/xtensa-esp32-elf/5.2.0/include" />
			<Add directory="/home/ambersophia/.platformio/packages/toolchain-xtensa32@2.50200.97/xtensa-esp32-elf/include" />
		</Compiler>
		<Unit filename="CODE_OF_CONDUCT.md" />
		<Unit filename="CODE_OF_CONDUCT_de.md" />
		<Unit filename="CONTRIBUTING.md" />
		<Unit filename="ChangeLog.md" />
		<Unit filename="Makefile.in" />
		<Unit filename="README.md" />
		<Unit filename="STYLE_GUIDE.md" />
		<Unit filename="configure" />
		<Unit filename="include/allocator/mn_allactor_multiheap.hpp" />
		<Unit filename="include/allocator/mn_allocator_buffer.hpp" />
		<Unit filename="include/allocator/mn_allocator_caps.hpp" />
		<Unit filename="include/allocator/mn_allocator_interface.hpp" />
		<Unit filename="include/allocator/mn_allocator_object.hpp" />
		<Unit filename="include/allocator/mn_allocator_stack.hpp" />
		<Unit filename="include/allocator/mn_allocator_system.hpp" />
		<Unit filename="include/atomic/mn_atomic_classes.hpp" />
		<Unit filename="include/atomic/mn_atomic_flags.hpp" />
		<Unit filename="include/atomic/mn_atomic_gcc.hpp" />
		<Unit filename="include/atomic/mn_atomic_primary_types.hpp" />
		<Unit filename="include/atomic/mn_atomic_weak_ptr.hpp" />
		<Unit filename="include/container/mn_biqueue.hpp" />
		<Unit filename="include/container/mn_deque.hpp" />
		<Unit filename="include/container/mn_fixed_sorted_vector.hpp" />
		<Unit filename="include/container/mn_fixed_vector.hpp" />
		<Unit filename="include/container/mn_list.hpp" />
		<Unit filename="include/container/mn_node.hpp" />
		<Unit filename="include/container/mn_pair.hpp" />
		<Unit filename="include/container/mn_queue.hpp" />
		<Unit filename="include/container/mn_rb_tree.hpp" />
		<Unit filename="include/container/mn_sorted_vector.hpp" />
		<Unit filename="include/container/mn_stack.hpp" />
		<Unit filename="include/container/mn_triple.hpp" />
		<Unit filename="include/container/mn_vector.hpp" />
		<Unit filename="include/excp/mn_lock_exptions.hpp" />
		<Unit filename="include/hash/mn_uuid.hpp" />
		<Unit filename="include/math/mn_color.hpp" />
		<Unit filename="include/math/mn_colors.hpp" />
		<Unit filename="include/memory/mn_basic_mempool.hpp" />
		<Unit filename="include/memory/mn_basic_mempool_chunk.hpp" />
		<Unit filename="include/memory/mn_mempool.hpp" />
		<Unit filename="include/miniThread.hpp" />
		<Unit filename="include/mn_algorithm.hpp" />
		<Unit filename="include/mn_allocator.hpp" />
		<Unit filename="include/mn_atomic.hpp" />
		<Unit filename="include/mn_atomic_spinlock.hpp" />
		<Unit filename="include/mn_autolock.hpp" />
		<Unit filename="include/mn_basic_semaphore.hpp" />
		<Unit filename="include/mn_binary_semaphore.hpp" />
		<Unit filename="include/mn_clock.hpp" />
		<Unit filename="include/mn_config.hpp" />
		<Unit filename="include/mn_config_preview.hpp" />
		<Unit filename="include/mn_container.hpp" />
		<Unit filename="include/mn_container_esp32.hpp" />
		<Unit filename="include/mn_convar.hpp" />
		<Unit filename="include/mn_convar_task.hpp" />
		<Unit filename="include/mn_counting_semaphore.hpp" />
		<Unit filename="include/mn_critical.hpp" />
		<Unit filename="include/mn_def.hpp" />
		<Unit filename="include/mn_defines.hpp" />
		<Unit filename="include/mn_deleter.hpp" />
		<Unit filename="include/mn_error.hpp" />
		<Unit filename="include/mn_error_preview.hpp" />
		<Unit filename="include/mn_eventgroup.hpp" />
		<Unit filename="include/mn_fast_type.hpp" />
		<Unit filename="include/mn_foreign_task.hpp" />
		<Unit filename="include/mn_functional.hpp" />
		<Unit filename="include/mn_iterator.hpp" />
		<Unit filename="include/mn_iterator_pair.hpp" />
		<Unit filename="include/mn_itimer.hpp" />
		<Unit filename="include/mn_lock.hpp" />
		<Unit filename="include/mn_micros.hpp" />
		<Unit filename="include/mn_msg_task.hpp" />
		<Unit filename="include/mn_mutex.hpp" />
		<Unit filename="include/mn_null_lock.hpp" />
		<Unit filename="include/mn_pin.hpp" />
		<Unit filename="include/mn_pointer.hpp" />
		<Unit filename="include/mn_recursive_mutex.hpp" />
		<Unit filename="include/mn_ringbuffer.hpp" />
		<Unit filename="include/mn_safecounter.hpp" />
		<Unit filename="include/mn_schedular.hpp" />
		<Unit filename="include/mn_semaphore.hpp" />
		<Unit filename="include/mn_shared.hpp" />
		<Unit filename="include/mn_singleton.hpp" />
		<Unit filename="include/mn_sleep.hpp" />
		<Unit filename="include/mn_task.hpp" />
		<Unit filename="include/mn_task_list.hpp" />
		<Unit filename="include/mn_task_utils.hpp" />
		<Unit filename="include/mn_tasklet.hpp" />
		<Unit filename="include/mn_tickhook.hpp" />
		<Unit filename="include/mn_tickhook_entry.hpp" />
		<Unit filename="include/mn_timed_lock.hpp" />
		<Unit filename="include/mn_timer.hpp" />
		<Unit filename="include/mn_timer_esp32.hpp" />
		<Unit filename="include/mn_typetraits.hpp" />
		<Unit filename="include/mn_uint128.hpp" />
		<Unit filename="include/mn_version.hpp" />
		<Unit filename="include/net/mn_basic_dgram_socket.hpp" />
		<Unit filename="include/net/mn_basic_endpoint.hpp" />
		<Unit filename="include/net/mn_basic_ip_address.hpp" />
		<Unit filename="include/net/mn_basic_netif.hpp" />
		<Unit filename="include/net/mn_basic_slip_driver.hpp" />
		<Unit filename="include/net/mn_basic_socket.hpp" />
		<Unit filename="include/net/mn_basic_stream_ip_socket.hpp" />
		<Unit filename="include/net/mn_basic_wifi_net_if.hpp" />
		<Unit filename="include/net/mn_basic_wifi_sta_net_if.hpp" />
		<Unit filename="include/net/mn_net_types.hpp" />
		<Unit filename="include/net/mn_socket.hpp" />
		<Unit filename="include/pointer/mn_any_ptr.hpp" />
		<Unit filename="include/pointer/mn_base_ptr.hpp" />
		<Unit filename="include/pointer/mn_clone_ptr.hpp" />
		<Unit filename="include/pointer/mn_linked_ptr.hpp" />
		<Unit filename="include/pointer/mn_lock_ptr.hpp" />
		<Unit filename="include/pointer/mn_node_ptr.hpp" />
		<Unit filename="include/pointer/mn_save_ptr.hpp" />
		<Unit filename="include/pointer/mn_scoped_ptr.hpp" />
		<Unit filename="include/pointer/mn_shared_ptr.hpp" />
		<Unit filename="include/pointer/mn_weak_ptr.hpp" />
		<Unit filename="include/queue/mn_binaryqueue.hpp" />
		<Unit filename="include/queue/mn_deque.hpp" />
		<Unit filename="include/queue/mn_queue.hpp" />
		<Unit filename="include/queue/mn_workqueue.hpp" />
		<Unit filename="include/queue/mn_workqueue_item.hpp" />
		<Unit filename="include/queue/mn_workqueue_multi.hpp" />
		<Unit filename="include/queue/mn_workqueue_single.hpp" />
		<Unit filename="include/queue/mn_workqueue_task.hpp" />
		<Unit filename="include/slock/mn_criticalsection.hpp" />
		<Unit filename="include/slock/mn_interrupts_lock.hpp" />
		<Unit filename="include/slock/mn_schedular_lock.hpp" />
		<Unit filename="include/slock/mn_system_lock.hpp" />
		<Unit filename="include/utils/mn_alignment.hpp" />
		<Unit filename="include/utils/mn_inttokey.hpp" />
		<Unit filename="include/utils/mn_random.hpp" />
		<Unit filename="include/utils/mn_random_lfsr.hpp" />
		<Unit filename="include/utils/mn_sort.hpp" />
		<Unit filename="include/utils/mn_utils.hpp" />
		<Unit filename="library.json" />
		<Unit filename="platformio.ini" />
		<Unit filename="platformio.layout" />
		<Unit filename="sdkconfig" />
		<Unit filename="src/CMakeLists.txt" />
		<Unit filename="src/excp/mn_lock_exptions.cpp" />
		<Unit filename="src/hash/mn_uuid.cpp" />
		<Unit filename="src/miniThread.cpp" />
		<Unit filename="src/mn_autolock.cpp" />
		<Unit filename="src/mn_basic_semaphore.cpp" />
		<Unit filename="src/mn_binary_semaphore.cpp" />
		<Unit filename="src/mn_convar.cpp" />
		<Unit filename="src/mn_convar_task.cpp" />
		<Unit filename="src/mn_counting_semaphore.cpp" />
		<Unit filename="src/mn_critical.cpp" />
		<Unit filename="src/mn_eventgroup.cpp" />
		<Unit filename="src/mn_foreign_task.cpp" />
		<Unit filename="src/mn_memory.cpp" />
		<Unit filename="src/mn_micros.cpp" />
		<Unit filename="src/mn_msg_task.cpp" />
		<Unit filename="src/mn_mutex.cpp" />
		<Unit filename="src/mn_recursive_mutex.cpp" />
		<Unit filename="src/mn_schedular.cpp" />
		<Unit filename="src/mn_sleep.cpp" />
		<Unit filename="src/mn_task.cpp" />
		<Unit filename="src/mn_task_list.cpp" />
		<Unit filename="src/mn_task_utils.cpp" />
		<Unit filename="src/mn_tasklet.cpp" />
		<Unit filename="src/mn_tickhook.cpp" />
		<Unit filename="src/mn_tickhook_entry.cpp" />
		<Unit filename="src/mn_timer.cpp" />
		<Unit filename="src/mn_timer_esp32.cpp" />
		<Unit filename="src/mn_version.cpp" />
		<Unit filename="src/net/mn/basic_ip_socket.cpp" />
		<Unit filename="src/net/mn_basic_dgram_socket.cpp" />
		<Unit filename="src/net/mn_basic_endpoint.cpp" />
		<Unit filename="src/net/mn_basic_ip_address.cpp" />
		<Unit filename="src/net/mn_basic_netif.cpp" />
		<Unit filename="src/net/mn_basic_slip_driver.cpp" />
		<Unit filename="src/net/mn_basic_socket.cpp" />
		<Unit filename="src/net/mn_basic_stream_ip_socket.cpp" />
		<Unit filename="src/net/mn_basic_wifi_net_if.cpp" />
		<Unit filename="src/net/mn_basic_wifi_sta_net_if.cpp" />
		<Unit filename="src/net/mn_socket.cpp" />
		<Unit filename="src/queue/mn_binaryqueue.cpp" />
		<Unit filename="src/queue/mn_deque.cpp" />
		<Unit filename="src/queue/mn_queue.cpp" />
		<Unit filename="src/queue/mn_workqueue.cpp" />
		<Unit filename="src/queue/mn_workqueue_item.cpp" />
		<Unit filename="src/queue/mn_workqueue_multi.cpp" />
		<Unit filename="src/queue/mn_workqueue_single.cpp" />
		<Unit filename="src/queue/mn_workqueue_task.cpp" />
		<Unit filename="src/slock/mn_criticalsection.cpp" />
		<Unit filename="src/slock/mn_interrupts_lock.cpp" />
		<Unit filename="src/slock/mn_schedular_lock.cpp" />
		<Unit filename="src/utils/mn_random.cpp" />
		<Unit filename="src/utils/mn_random_lfsr.cpp" />
		<Unit filename="update-docs.sh" />
		<Extensions>
			<lib_finder disable_auto="1" />
		</Extensions>
	</Project>
</CodeBlocks_project_file>
